
Microsoft Visual Studio Solution File, Format Version 12.00
# Visual Studio Version 16
VisualStudioVersion = 16.0.29215.179
MinimumVisualStudioVersion = 10.0.40219.1
Project("{FAE04EC0-301F-11D3-BF4B-00C04F79EFBC}") = "CoroutinesForWpf.Example", "CoroutinesForWpf.Example\CoroutinesForWpf.Example.csproj", "{33875102-4921-4C35-B883-08DBA2C328BA}"
EndProject
Project("{FAE04EC0-301F-11D3-BF4B-00C04F79EFBC}") = "CoroutinesForWpf", "CoroutinesForWpf\CoroutinesForWpf.csproj", "{ECA68B1A-6136-4031-8EB8-06D345EA8C64}"
EndProject
Project("{FAE04EC0-301F-11D3-BF4B-00C04F79EFBC}") = "CoroutinesForWpf.Tests", "CoroutinesForWpf.Tests\CoroutinesForWpf.Tests.csproj", "{A8DCB2F2-EFE9-4E62-86A5-B199AD9C5058}"
EndProject
Global
	GlobalSection(SolutionConfigurationPlatforms) = preSolution
		Debug|Any CPU = Debug|Any CPU
		Release|Any CPU = Release|Any CPU
	EndGlobalSection
	GlobalSection(ProjectConfigurationPlatforms) = postSolution
		{33875102-4921-4C35-B883-08DBA2C328BA}.Debug|Any CPU.ActiveCfg = Debug|Any CPU
		{33875102-4921-4C35-B883-08DBA2C328BA}.Debug|Any CPU.Build.0 = Debug|Any CPU
		{33875102-4921-4C35-B883-08DBA2C328BA}.Release|Any CPU.ActiveCfg = Release|Any CPU
		{33875102-4921-4C35-B883-08DBA2C328BA}.Release|Any CPU.Build.0 = Release|Any CPU
		{ECA68B1A-6136-4031-8EB8-06D345EA8C64}.Debug|Any CPU.ActiveCfg = Debug|Any CPU
		{ECA68B1A-6136-4031-8EB8-06D345EA8C64}.Debug|Any CPU.Build.0 = Debug|Any CPU
		{ECA68B1A-6136-4031-8EB8-06D345EA8C64}.Release|Any CPU.ActiveCfg = Release|Any CPU
		{ECA68B1A-6136-4031-8EB8-06D345EA8C64}.Release|Any CPU.Build.0 = Release|Any CPU
		{A8DCB2F2-EFE9-4E62-86A5-B199AD9C5058}.Debug|Any CPU.ActiveCfg = Debug|Any CPU
		{A8DCB2F2-EFE9-4E62-86A5-B199AD9C5058}.Debug|Any CPU.Build.0 = Debug|Any CPU
		{A8DCB2F2-EFE9-4E62-86A5-B199AD9C5058}.Release|Any CPU.ActiveCfg = Release|Any CPU
		{A8DCB2F2-EFE9-4E62-86A5-B199AD9C5058}.Release|Any CPU.Build.0 = Release|Any CPU
	EndGlobalSection
	GlobalSection(SolutionProperties) = preSolution
		HideSolutionNode = FALSE
	EndGlobalSection
	GlobalSection(ExtensibilityGlobals) = postSolution
		SolutionGuid = {6D0520B6-EADC-44ED-9E69-D769BA49E267}
	EndGlobalSection
EndGlobal
